
Microsoft Visual Studio Solution File, Format Version 12.00
# Visual Studio Version 16
VisualStudioVersion = 16.0.30114.105
MinimumVisualStudioVersion = 10.0.40219.1
Project("{FAE04EC0-301F-11D3-BF4B-00C04F79EFBC}") = "API", "API\API.csproj", "{66B726FE-AC6A-41A6-AB8D-CB5956678FA9}"
EndProject
Project("{FAE04EC0-301F-11D3-BF4B-00C04F79EFBC}") = "Application", "Application\Application.csproj", "{DE3534AD-D65D-4D56-A256-1C4E0ED206D3}"
EndProject
Project("{FAE04EC0-301F-11D3-BF4B-00C04F79EFBC}") = "Domain", "Domain\Domain.csproj", "{99BF31D4-5830-45F4-A07C-6733FCC9A2F6}"
EndProject
Project("{FAE04EC0-301F-11D3-BF4B-00C04F79EFBC}") = "Persistence", "Persistence\Persistence.csproj", "{1D3B73AB-3EA9-4F59-B81C-18F00F3AB777}"
EndProject
Global
	GlobalSection(SolutionConfigurationPlatforms) = preSolution
		Debug|Any CPU = Debug|Any CPU
		Debug|x64 = Debug|x64
		Debug|x86 = Debug|x86
		Release|Any CPU = Release|Any CPU
		Release|x64 = Release|x64
		Release|x86 = Release|x86
	EndGlobalSection
	GlobalSection(SolutionProperties) = preSolution
		HideSolutionNode = FALSE
	EndGlobalSection
	GlobalSection(ProjectConfigurationPlatforms) = postSolution
		{66B726FE-AC6A-41A6-AB8D-CB5956678FA9}.Debug|Any CPU.ActiveCfg = Debug|Any CPU
		{66B726FE-AC6A-41A6-AB8D-CB5956678FA9}.Debug|Any CPU.Build.0 = Debug|Any CPU
		{66B726FE-AC6A-41A6-AB8D-CB5956678FA9}.Debug|x64.ActiveCfg = Debug|Any CPU
		{66B726FE-AC6A-41A6-AB8D-CB5956678FA9}.Debug|x64.Build.0 = Debug|Any CPU
		{66B726FE-AC6A-41A6-AB8D-CB5956678FA9}.Debug|x86.ActiveCfg = Debug|Any CPU
		{66B726FE-AC6A-41A6-AB8D-CB5956678FA9}.Debug|x86.Build.0 = Debug|Any CPU
		{66B726FE-AC6A-41A6-AB8D-CB5956678FA9}.Release|Any CPU.ActiveCfg = Release|Any CPU
		{66B726FE-AC6A-41A6-AB8D-CB5956678FA9}.Release|Any CPU.Build.0 = Release|Any CPU
		{66B726FE-AC6A-41A6-AB8D-CB5956678FA9}.Release|x64.ActiveCfg = Release|Any CPU
		{66B726FE-AC6A-41A6-AB8D-CB5956678FA9}.Release|x64.Build.0 = Release|Any CPU
		{66B726FE-AC6A-41A6-AB8D-CB5956678FA9}.Release|x86.ActiveCfg = Release|Any CPU
		{66B726FE-AC6A-41A6-AB8D-CB5956678FA9}.Release|x86.Build.0 = Release|Any CPU
		{DE3534AD-D65D-4D56-A256-1C4E0ED206D3}.Debug|Any CPU.ActiveCfg = Debug|Any CPU
		{DE3534AD-D65D-4D56-A256-1C4E0ED206D3}.Debug|Any CPU.Build.0 = Debug|Any CPU
		{DE3534AD-D65D-4D56-A256-1C4E0ED206D3}.Debug|x64.ActiveCfg = Debug|Any CPU
		{DE3534AD-D65D-4D56-A256-1C4E0ED206D3}.Debug|x64.Build.0 = Debug|Any CPU
		{DE3534AD-D65D-4D56-A256-1C4E0ED206D3}.Debug|x86.ActiveCfg = Debug|Any CPU
		{DE3534AD-D65D-4D56-A256-1C4E0ED206D3}.Debug|x86.Build.0 = Debug|Any CPU
		{DE3534AD-D65D-4D56-A256-1C4E0ED206D3}.Release|Any CPU.ActiveCfg = Release|Any CPU
		{DE3534AD-D65D-4D56-A256-1C4E0ED206D3}.Release|Any CPU.Build.0 = Release|Any CPU
		{DE3534AD-D65D-4D56-A256-1C4E0ED206D3}.Release|x64.ActiveCfg = Release|Any CPU
		{DE3534AD-D65D-4D56-A256-1C4E0ED206D3}.Release|x64.Build.0 = Release|Any CPU
		{DE3534AD-D65D-4D56-A256-1C4E0ED206D3}.Release|x86.ActiveCfg = Release|Any CPU
		{DE3534AD-D65D-4D56-A256-1C4E0ED206D3}.Release|x86.Build.0 = Release|Any CPU
		{99BF31D4-5830-45F4-A07C-6733FCC9A2F6}.Debug|Any CPU.ActiveCfg = Debug|Any CPU
		{99BF31D4-5830-45F4-A07C-6733FCC9A2F6}.Debug|Any CPU.Build.0 = Debug|Any CPU
		{99BF31D4-5830-45F4-A07C-6733FCC9A2F6}.Debug|x64.ActiveCfg = Debug|Any CPU
		{99BF31D4-5830-45F4-A07C-6733FCC9A2F6}.Debug|x64.Build.0 = Debug|Any CPU
		{99BF31D4-5830-45F4-A07C-6733FCC9A2F6}.Debug|x86.ActiveCfg = Debug|Any CPU
		{99BF31D4-5830-45F4-A07C-6733FCC9A2F6}.Debug|x86.Build.0 = Debug|Any CPU
		{99BF31D4-5830-45F4-A07C-6733FCC9A2F6}.Release|Any CPU.ActiveCfg = Release|Any CPU
		{99BF31D4-5830-45F4-A07C-6733FCC9A2F6}.Release|Any CPU.Build.0 = Release|Any CPU
		{99BF31D4-5830-45F4-A07C-6733FCC9A2F6}.Release|x64.ActiveCfg = Release|Any CPU
		{99BF31D4-5830-45F4-A07C-6733FCC9A2F6}.Release|x64.Build.0 = Release|Any CPU
		{99BF31D4-5830-45F4-A07C-6733FCC9A2F6}.Release|x86.ActiveCfg = Release|Any CPU
		{99BF31D4-5830-45F4-A07C-6733FCC9A2F6}.Release|x86.Build.0 = Release|Any CPU
		{1D3B73AB-3EA9-4F59-B81C-18F00F3AB777}.Debug|Any CPU.ActiveCfg = Debug|Any CPU
		{1D3B73AB-3EA9-4F59-B81C-18F00F3AB777}.Debug|Any CPU.Build.0 = Debug|Any CPU
		{1D3B73AB-3EA9-4F59-B81C-18F00F3AB777}.Debug|x64.ActiveCfg = Debug|Any CPU
		{1D3B73AB-3EA9-4F59-B81C-18F00F3AB777}.Debug|x64.Build.0 = Debug|Any CPU
		{1D3B73AB-3EA9-4F59-B81C-18F00F3AB777}.Debug|x86.ActiveCfg = Debug|Any CPU
		{1D3B73AB-3EA9-4F59-B81C-18F00F3AB777}.Debug|x86.Build.0 = Debug|Any CPU
		{1D3B73AB-3EA9-4F59-B81C-18F00F3AB777}.Release|Any CPU.ActiveCfg = Release|Any CPU
		{1D3B73AB-3EA9-4F59-B81C-18F00F3AB777}.Release|Any CPU.Build.0 = Release|Any CPU
		{1D3B73AB-3EA9-4F59-B81C-18F00F3AB777}.Release|x64.ActiveCfg = Release|Any CPU
		{1D3B73AB-3EA9-4F59-B81C-18F00F3AB777}.Release|x64.Build.0 = Release|Any CPU
		{1D3B73AB-3EA9-4F59-B81C-18F00F3AB777}.Release|x86.ActiveCfg = Release|Any CPU
		{1D3B73AB-3EA9-4F59-B81C-18F00F3AB777}.Release|x86.Build.0 = Release|Any CPU
	EndGlobalSection
EndGlobal
